
Microsoft Visual Studio Solution File, Format Version 12.00
# Visual Studio Version 17
VisualStudioVersion = 17.1.32421.90
MinimumVisualStudioVersion = 10.0.40219.1
Project("{FAE04EC0-301F-11D3-BF4B-00C04F79EFBC}") = "Malis Mission Roller 2", "Malis Mission Roller 2.csproj", "{DC06A28A-0061-4E3E-BF32-A6CF830BEDD9}"
EndProject
Global
	GlobalSection(SolutionConfigurationPlatforms) = preSolution
		Debug|Any CPU = Debug|Any CPU
		Release|Any CPU = Release|Any CPU
	EndGlobalSection
	GlobalSection(ProjectConfigurationPlatforms) = postSolution
		{DC06A28A-0061-4E3E-BF32-A6CF830BEDD9}.Debug|Any CPU.ActiveCfg = Debug|Any CPU
		{DC06A28A-0061-4E3E-BF32-A6CF830BEDD9}.Debug|Any CPU.Build.0 = Debug|Any CPU
		{DC06A28A-0061-4E3E-BF32-A6CF830BEDD9}.Release|Any CPU.ActiveCfg = Release|Any CPU
		{DC06A28A-0061-4E3E-BF32-A6CF830BEDD9}.Release|Any CPU.Build.0 = Release|Any CPU
	EndGlobalSection
	GlobalSection(SolutionProperties) = preSolution
		HideSolutionNode = FALSE
	EndGlobalSection
	GlobalSection(ExtensibilityGlobals) = postSolution
		SolutionGuid = {25EF4072-DEDC-492D-8827-39EEE152CCE0}
	EndGlobalSection
EndGlobal
